
Microsoft Visual Studio Solution File, Format Version 12.00
# Visual Studio 14
VisualStudioVersion = 14.0.25420.1
MinimumVisualStudioVersion = 10.0.40219.1
Project("{FAE04EC0-301F-11D3-BF4B-00C04F79EFBC}") = "AutomatedTellerMachine", "AutomatedTellerMachine\AutomatedTellerMachine.csproj", "{7711DDB4-F945-49D3-A8ED-58CA12277A65}"
EndProject
Project("{FAE04EC0-301F-11D3-BF4B-00C04F79EFBC}") = "AutomatedTellerMachine.Tests", "AutomatedTellerMachine.Tests\AutomatedTellerMachine.Tests.csproj", "{FBE48371-5642-4D63-8D37-F6997C3FCBE9}"
EndProject
Global
	GlobalSection(SolutionConfigurationPlatforms) = preSolution
		Debug|Any CPU = Debug|Any CPU
		Release|Any CPU = Release|Any CPU
	EndGlobalSection
	GlobalSection(ProjectConfigurationPlatforms) = postSolution
		{7711DDB4-F945-49D3-A8ED-58CA12277A65}.Debug|Any CPU.ActiveCfg = Debug|Any CPU
		{7711DDB4-F945-49D3-A8ED-58CA12277A65}.Debug|Any CPU.Build.0 = Debug|Any CPU
		{7711DDB4-F945-49D3-A8ED-58CA12277A65}.Release|Any CPU.ActiveCfg = Release|Any CPU
		{7711DDB4-F945-49D3-A8ED-58CA12277A65}.Release|Any CPU.Build.0 = Release|Any CPU
		{FBE48371-5642-4D63-8D37-F6997C3FCBE9}.Debug|Any CPU.ActiveCfg = Debug|Any CPU
		{FBE48371-5642-4D63-8D37-F6997C3FCBE9}.Debug|Any CPU.Build.0 = Debug|Any CPU
		{FBE48371-5642-4D63-8D37-F6997C3FCBE9}.Release|Any CPU.ActiveCfg = Release|Any CPU
		{FBE48371-5642-4D63-8D37-F6997C3FCBE9}.Release|Any CPU.Build.0 = Release|Any CPU
	EndGlobalSection
	GlobalSection(SolutionProperties) = preSolution
		HideSolutionNode = FALSE
	EndGlobalSection
EndGlobal
